// !$*UTF8*$!
{
	archiveVersion = 1;
	classes = {
	};
	objectVersion = 51;
	objects = {

/* Begin PBXBuildFile section */
		197BD005B4C346B8B52679A5 /* Pods_mrnchatbot.framework in Frameworks */ = {isa = PBXBuildFile; fileRef = AEFD9DEB2A1563997E14D131 /* Pods_mrnchatbot.framework */; };
		205253EA853583C5FC37417A /* Pods_mrnchatbotTests.framework in Frameworks */ = {isa = PBXBuildFile; fileRef = 6B91A96A85A70EAEF4E55A7B /* Pods_mrnchatbotTests.framework */; };
		A1DE5D0A25C008A8007AC11C /* AppDelegate.swift in Sources */ = {isa = PBXBuildFile; fileRef = A1DE5D0925C008A8007AC11C /* AppDelegate.swift */; };
		A1DE5D0C25C008A8007AC11C /* SceneDelegate.swift in Sources */ = {isa = PBXBuildFile; fileRef = A1DE5D0B25C008A8007AC11C /* SceneDelegate.swift */; };
		A1DE5D0E25C008A8007AC11C /* ConversationsViewController.swift in Sources */ = {isa = PBXBuildFile; fileRef = A1DE5D0D25C008A8007AC11C /* ConversationsViewController.swift */; };
		A1DE5D1125C008A8007AC11C /* Main.storyboard in Resources */ = {isa = PBXBuildFile; fileRef = A1DE5D0F25C008A8007AC11C /* Main.storyboard */; };
		A1DE5D1325C008AB007AC11C /* Assets.xcassets in Resources */ = {isa = PBXBuildFile; fileRef = A1DE5D1225C008AB007AC11C /* Assets.xcassets */; };
		A1DE5D1625C008AB007AC11C /* LaunchScreen.storyboard in Resources */ = {isa = PBXBuildFile; fileRef = A1DE5D1425C008AB007AC11C /* LaunchScreen.storyboard */; };
		A1DE5D2125C008AC007AC11C /* mrnchatbotTests.swift in Sources */ = {isa = PBXBuildFile; fileRef = A1DE5D2025C008AC007AC11C /* mrnchatbotTests.swift */; };
		A1DE5D2C25C008AC007AC11C /* mrnchatbotUITests.swift in Sources */ = {isa = PBXBuildFile; fileRef = A1DE5D2B25C008AC007AC11C /* mrnchatbotUITests.swift */; };
		A1DE5D7E25C01E0C007AC11C /* LoginViewController.swift in Sources */ = {isa = PBXBuildFile; fileRef = A1DE5D7D25C01E0C007AC11C /* LoginViewController.swift */; };
		A1DE5D8625C01E19007AC11C /* RegisterViewController.swift in Sources */ = {isa = PBXBuildFile; fileRef = A1DE5D8525C01E19007AC11C /* RegisterViewController.swift */; };
		A1DE5D8B25C01E25007AC11C /* ProfileViewController.swift in Sources */ = {isa = PBXBuildFile; fileRef = A1DE5D8A25C01E25007AC11C /* ProfileViewController.swift */; };
		A1DE5D9025C01E36007AC11C /* PhotoViewerViewController.swift in Sources */ = {isa = PBXBuildFile; fileRef = A1DE5D8F25C01E36007AC11C /* PhotoViewerViewController.swift */; };
		A1DE5D9525C01E48007AC11C /* VideoPlayerViewController.swift in Sources */ = {isa = PBXBuildFile; fileRef = A1DE5D9425C01E48007AC11C /* VideoPlayerViewController.swift */; };
		A1DE5D9A25C01E58007AC11C /* NewConversationsViewController.swift in Sources */ = {isa = PBXBuildFile; fileRef = A1DE5D9925C01E58007AC11C /* NewConversationsViewController.swift */; };
		DFFE45A593B649083F77AC92 /* Pods_mrnchatbot_mrnchatbotUITests.framework in Frameworks */ = {isa = PBXBuildFile; fileRef = BAF0B0BF4D062EB3EBA806D6 /* Pods_mrnchatbot_mrnchatbotUITests.framework */; };
/* End PBXBuildFile section */

/* Begin PBXContainerItemProxy section */
		A1DE5D1D25C008AC007AC11C /* PBXContainerItemProxy */ = {
			isa = PBXContainerItemProxy;
			containerPortal = A1DE5CFE25C008A8007AC11C /* Project object */;
			proxyType = 1;
			remoteGlobalIDString = A1DE5D0525C008A8007AC11C;
			remoteInfo = mrnchatbot;
		};
		A1DE5D2825C008AC007AC11C /* PBXContainerItemProxy */ = {
			isa = PBXContainerItemProxy;
			containerPortal = A1DE5CFE25C008A8007AC11C /* Project object */;
			proxyType = 1;
			remoteGlobalIDString = A1DE5D0525C008A8007AC11C;
			remoteInfo = mrnchatbot;
		};
/* End PBXContainerItemProxy section */

/* Begin PBXFileReference section */
		612B382EBAF7C383ED1D429A /* Pods-mrnchatbot-mrnchatbotUITests.release.xcconfig */ = {isa = PBXFileReference; includeInIndex = 1; lastKnownFileType = text.xcconfig; name = "Pods-mrnchatbot-mrnchatbotUITests.release.xcconfig"; path = "Target Support Files/Pods-mrnchatbot-mrnchatbotUITests/Pods-mrnchatbot-mrnchatbotUITests.release.xcconfig"; sourceTree = "<group>"; };
		6401E13DAE04D399187C0381 /* Pods-mrnchatbot-mrnchatbotUITests.debug.xcconfig */ = {isa = PBXFileReference; includeInIndex = 1; lastKnownFileType = text.xcconfig; name = "Pods-mrnchatbot-mrnchatbotUITests.debug.xcconfig"; path = "Target Support Files/Pods-mrnchatbot-mrnchatbotUITests/Pods-mrnchatbot-mrnchatbotUITests.debug.xcconfig"; sourceTree = "<group>"; };
		6B91A96A85A70EAEF4E55A7B /* Pods_mrnchatbotTests.framework */ = {isa = PBXFileReference; explicitFileType = wrapper.framework; includeInIndex = 0; path = Pods_mrnchatbotTests.framework; sourceTree = BUILT_PRODUCTS_DIR; };
		74568A4DE1D9BC51AC764D76 /* Pods-mrnchatbot.debug.xcconfig */ = {isa = PBXFileReference; includeInIndex = 1; lastKnownFileType = text.xcconfig; name = "Pods-mrnchatbot.debug.xcconfig"; path = "Target Support Files/Pods-mrnchatbot/Pods-mrnchatbot.debug.xcconfig"; sourceTree = "<group>"; };
		A1DE5D0625C008A8007AC11C /* mrnchatbot.app */ = {isa = PBXFileReference; explicitFileType = wrapper.application; includeInIndex = 0; path = mrnchatbot.app; sourceTree = BUILT_PRODUCTS_DIR; };
		A1DE5D0925C008A8007AC11C /* AppDelegate.swift */ = {isa = PBXFileReference; lastKnownFileType = sourcecode.swift; path = AppDelegate.swift; sourceTree = "<group>"; };
		A1DE5D0B25C008A8007AC11C /* SceneDelegate.swift */ = {isa = PBXFileReference; lastKnownFileType = sourcecode.swift; path = SceneDelegate.swift; sourceTree = "<group>"; };
		A1DE5D0D25C008A8007AC11C /* ConversationsViewController.swift */ = {isa = PBXFileReference; lastKnownFileType = sourcecode.swift; path = ConversationsViewController.swift; sourceTree = "<group>"; };
		A1DE5D1025C008A8007AC11C /* Base */ = {isa = PBXFileReference; lastKnownFileType = file.storyboard; name = Base; path = Base.lproj/Main.storyboard; sourceTree = "<group>"; };
		A1DE5D1225C008AB007AC11C /* Assets.xcassets */ = {isa = PBXFileReference; lastKnownFileType = folder.assetcatalog; path = Assets.xcassets; sourceTree = "<group>"; };
		A1DE5D1525C008AB007AC11C /* Base */ = {isa = PBXFileReference; lastKnownFileType = file.storyboard; name = Base; path = Base.lproj/LaunchScreen.storyboard; sourceTree = "<group>"; };
		A1DE5D1725C008AB007AC11C /* Info.plist */ = {isa = PBXFileReference; lastKnownFileType = text.plist.xml; path = Info.plist; sourceTree = "<group>"; };
		A1DE5D1C25C008AC007AC11C /* mrnchatbotTests.xctest */ = {isa = PBXFileReference; explicitFileType = wrapper.cfbundle; includeInIndex = 0; path = mrnchatbotTests.xctest; sourceTree = BUILT_PRODUCTS_DIR; };
		A1DE5D2025C008AC007AC11C /* mrnchatbotTests.swift */ = {isa = PBXFileReference; lastKnownFileType = sourcecode.swift; path = mrnchatbotTests.swift; sourceTree = "<group>"; };
		A1DE5D2225C008AC007AC11C /* Info.plist */ = {isa = PBXFileReference; lastKnownFileType = text.plist.xml; path = Info.plist; sourceTree = "<group>"; };
		A1DE5D2725C008AC007AC11C /* mrnchatbotUITests.xctest */ = {isa = PBXFileReference; explicitFileType = wrapper.cfbundle; includeInIndex = 0; path = mrnchatbotUITests.xctest; sourceTree = BUILT_PRODUCTS_DIR; };
		A1DE5D2B25C008AC007AC11C /* mrnchatbotUITests.swift */ = {isa = PBXFileReference; lastKnownFileType = sourcecode.swift; path = mrnchatbotUITests.swift; sourceTree = "<group>"; };
		A1DE5D2D25C008AC007AC11C /* Info.plist */ = {isa = PBXFileReference; lastKnownFileType = text.plist.xml; path = Info.plist; sourceTree = "<group>"; };
		A1DE5D7D25C01E0C007AC11C /* LoginViewController.swift */ = {isa = PBXFileReference; lastKnownFileType = sourcecode.swift; path = LoginViewController.swift; sourceTree = "<group>"; };
		A1DE5D8525C01E19007AC11C /* RegisterViewController.swift */ = {isa = PBXFileReference; lastKnownFileType = sourcecode.swift; path = RegisterViewController.swift; sourceTree = "<group>"; };
		A1DE5D8A25C01E25007AC11C /* ProfileViewController.swift */ = {isa = PBXFileReference; lastKnownFileType = sourcecode.swift; path = ProfileViewController.swift; sourceTree = "<group>"; };
		A1DE5D8F25C01E36007AC11C /* PhotoViewerViewController.swift */ = {isa = PBXFileReference; lastKnownFileType = sourcecode.swift; path = PhotoViewerViewController.swift; sourceTree = "<group>"; };
		A1DE5D9425C01E48007AC11C /* VideoPlayerViewController.swift */ = {isa = PBXFileReference; lastKnownFileType = sourcecode.swift; path = VideoPlayerViewController.swift; sourceTree = "<group>"; };
		A1DE5D9925C01E58007AC11C /* NewConversationsViewController.swift */ = {isa = PBXFileReference; lastKnownFileType = sourcecode.swift; path = NewConversationsViewController.swift; sourceTree = "<group>"; };
		AEFD9DEB2A1563997E14D131 /* Pods_mrnchatbot.framework */ = {isa = PBXFileReference; explicitFileType = wrapper.framework; includeInIndex = 0; path = Pods_mrnchatbot.framework; sourceTree = BUILT_PRODUCTS_DIR; };
		BAF0B0BF4D062EB3EBA806D6 /* Pods_mrnchatbot_mrnchatbotUITests.framework */ = {isa = PBXFileReference; explicitFileType = wrapper.framework; includeInIndex = 0; path = Pods_mrnchatbot_mrnchatbotUITests.framework; sourceTree = BUILT_PRODUCTS_DIR; };
		C017B6C0F0C8A1398E10747A /* Pods-mrnchatbot.release.xcconfig */ = {isa = PBXFileReference; includeInIndex = 1; lastKnownFileType = text.xcconfig; name = "Pods-mrnchatbot.release.xcconfig"; path = "Target Support Files/Pods-mrnchatbot/Pods-mrnchatbot.release.xcconfig"; sourceTree = "<group>"; };
		CBCA2E6914C8B3FB6DCF6BF7 /* Pods-mrnchatbotTests.release.xcconfig */ = {isa = PBXFileReference; includeInIndex = 1; lastKnownFileType = text.xcconfig; name = "Pods-mrnchatbotTests.release.xcconfig"; path = "Target Support Files/Pods-mrnchatbotTests/Pods-mrnchatbotTests.release.xcconfig"; sourceTree = "<group>"; };
		E58ECF02E3D26D0873FCE43D /* Pods-mrnchatbotTests.debug.xcconfig */ = {isa = PBXFileReference; includeInIndex = 1; lastKnownFileType = text.xcconfig; name = "Pods-mrnchatbotTests.debug.xcconfig"; path = "Target Support Files/Pods-mrnchatbotTests/Pods-mrnchatbotTests.debug.xcconfig"; sourceTree = "<group>"; };
/* End PBXFileReference section */

/* Begin PBXFrameworksBuildPhase section */
		A1DE5D0325C008A8007AC11C /* Frameworks */ = {
			isa = PBXFrameworksBuildPhase;
			buildActionMask = 2147483647;
			files = (
				197BD005B4C346B8B52679A5 /* Pods_mrnchatbot.framework in Frameworks */,
			);
			runOnlyForDeploymentPostprocessing = 0;
		};
		A1DE5D1925C008AC007AC11C /* Frameworks */ = {
			isa = PBXFrameworksBuildPhase;
			buildActionMask = 2147483647;
			files = (
				205253EA853583C5FC37417A /* Pods_mrnchatbotTests.framework in Frameworks */,
			);
			runOnlyForDeploymentPostprocessing = 0;
		};
		A1DE5D2425C008AC007AC11C /* Frameworks */ = {
			isa = PBXFrameworksBuildPhase;
			buildActionMask = 2147483647;
			files = (
				DFFE45A593B649083F77AC92 /* Pods_mrnchatbot_mrnchatbotUITests.framework in Frameworks */,
			);
			runOnlyForDeploymentPostprocessing = 0;
		};
/* End PBXFrameworksBuildPhase section */

/* Begin PBXGroup section */
		78218C221F9471DAEBFA0D6B /* Pods */ = {
			isa = PBXGroup;
			children = (
				74568A4DE1D9BC51AC764D76 /* Pods-mrnchatbot.debug.xcconfig */,
				C017B6C0F0C8A1398E10747A /* Pods-mrnchatbot.release.xcconfig */,
				6401E13DAE04D399187C0381 /* Pods-mrnchatbot-mrnchatbotUITests.debug.xcconfig */,
				612B382EBAF7C383ED1D429A /* Pods-mrnchatbot-mrnchatbotUITests.release.xcconfig */,
				E58ECF02E3D26D0873FCE43D /* Pods-mrnchatbotTests.debug.xcconfig */,
				CBCA2E6914C8B3FB6DCF6BF7 /* Pods-mrnchatbotTests.release.xcconfig */,
			);
			path = Pods;
			sourceTree = "<group>";
		};
		A1DE5CFD25C008A8007AC11C = {
			isa = PBXGroup;
			children = (
				A1DE5D0825C008A8007AC11C /* mrnchatbot */,
				A1DE5D1F25C008AC007AC11C /* mrnchatbotTests */,
				A1DE5D2A25C008AC007AC11C /* mrnchatbotUITests */,
				A1DE5D0725C008A8007AC11C /* Products */,
				78218C221F9471DAEBFA0D6B /* Pods */,
				DF02486D8537E91609D8BED8 /* Frameworks */,
			);
			sourceTree = "<group>";
		};
		A1DE5D0725C008A8007AC11C /* Products */ = {
			isa = PBXGroup;
			children = (
				A1DE5D0625C008A8007AC11C /* mrnchatbot.app */,
				A1DE5D1C25C008AC007AC11C /* mrnchatbotTests.xctest */,
				A1DE5D2725C008AC007AC11C /* mrnchatbotUITests.xctest */,
			);
			name = Products;
			sourceTree = "<group>";
		};
		A1DE5D0825C008A8007AC11C /* mrnchatbot */ = {
			isa = PBXGroup;
			children = (
				A1DE5D7825C01C70007AC11C /* Resources */,
				A1DE5D7725C01C68007AC11C /* ViewModels */,
				A1DE5D7625C01C5F007AC11C /* Models */,
				A1DE5D7525C01C58007AC11C /* Views */,
				A1DE5D7425C01C4D007AC11C /* Controllers */,
				A1DE5D1725C008AB007AC11C /* Info.plist */,
			);
			path = mrnchatbot;
			sourceTree = "<group>";
		};
		A1DE5D1F25C008AC007AC11C /* mrnchatbotTests */ = {
			isa = PBXGroup;
			children = (
				A1DE5D2025C008AC007AC11C /* mrnchatbotTests.swift */,
				A1DE5D2225C008AC007AC11C /* Info.plist */,
			);
			path = mrnchatbotTests;
			sourceTree = "<group>";
		};
		A1DE5D2A25C008AC007AC11C /* mrnchatbotUITests */ = {
			isa = PBXGroup;
			children = (
				A1DE5D2B25C008AC007AC11C /* mrnchatbotUITests.swift */,
				A1DE5D2D25C008AC007AC11C /* Info.plist */,
			);
			path = mrnchatbotUITests;
			sourceTree = "<group>";
		};
		A1DE5D7425C01C4D007AC11C /* Controllers */ = {
			isa = PBXGroup;
			children = (
				A1DE5D0D25C008A8007AC11C /* ConversationsViewController.swift */,
				A1DE5D7D25C01E0C007AC11C /* LoginViewController.swift */,
				A1DE5D8525C01E19007AC11C /* RegisterViewController.swift */,
				A1DE5D8A25C01E25007AC11C /* ProfileViewController.swift */,
				A1DE5D8F25C01E36007AC11C /* PhotoViewerViewController.swift */,
				A1DE5D9425C01E48007AC11C /* VideoPlayerViewController.swift */,
				A1DE5D9925C01E58007AC11C /* NewConversationsViewController.swift */,
			);
			path = Controllers;
			sourceTree = "<group>";
		};
		A1DE5D7525C01C58007AC11C /* Views */ = {
			isa = PBXGroup;
			children = (
				A1DE5D7925C01CBD007AC11C /* Storyboards */,
				A1DE5D1225C008AB007AC11C /* Assets.xcassets */,
			);
			path = Views;
			sourceTree = "<group>";
		};
		A1DE5D7625C01C5F007AC11C /* Models */ = {
			isa = PBXGroup;
			children = (
			);
			path = Models;
			sourceTree = "<group>";
		};
		A1DE5D7725C01C68007AC11C /* ViewModels */ = {
			isa = PBXGroup;
			children = (
			);
			path = ViewModels;
			sourceTree = "<group>";
		};
		A1DE5D7825C01C70007AC11C /* Resources */ = {
			isa = PBXGroup;
			children = (
				A1DE5D0925C008A8007AC11C /* AppDelegate.swift */,
				A1DE5D0B25C008A8007AC11C /* SceneDelegate.swift */,
			);
			path = Resources;
			sourceTree = "<group>";
		};
		A1DE5D7925C01CBD007AC11C /* Storyboards */ = {
			isa = PBXGroup;
			children = (
				A1DE5D0F25C008A8007AC11C /* Main.storyboard */,
				A1DE5D1425C008AB007AC11C /* LaunchScreen.storyboard */,
			);
			path = Storyboards;
			sourceTree = "<group>";
		};
		DF02486D8537E91609D8BED8 /* Frameworks */ = {
			isa = PBXGroup;
			children = (
				AEFD9DEB2A1563997E14D131 /* Pods_mrnchatbot.framework */,
				BAF0B0BF4D062EB3EBA806D6 /* Pods_mrnchatbot_mrnchatbotUITests.framework */,
				6B91A96A85A70EAEF4E55A7B /* Pods_mrnchatbotTests.framework */,
			);
			name = Frameworks;
			sourceTree = "<group>";
		};
/* End PBXGroup section */

/* Begin PBXNativeTarget section */
		A1DE5D0525C008A8007AC11C /* mrnchatbot */ = {
			isa = PBXNativeTarget;
			buildConfigurationList = A1DE5D3025C008AC007AC11C /* Build configuration list for PBXNativeTarget "mrnchatbot" */;
			buildPhases = (
				BBBF888B23A5937BD75A6881 /* [CP] Check Pods Manifest.lock */,
				A1DE5D0225C008A8007AC11C /* Sources */,
				A1DE5D0325C008A8007AC11C /* Frameworks */,
				A1DE5D0425C008A8007AC11C /* Resources */,
				ECBA34D2F1C918F4FA1D9692 /* [CP] Embed Pods Frameworks */,
			);
			buildRules = (
			);
			dependencies = (
			);
			name = mrnchatbot;
			productName = mrnchatbot;
			productReference = A1DE5D0625C008A8007AC11C /* mrnchatbot.app */;
			productType = "com.apple.product-type.application";
		};
		A1DE5D1B25C008AC007AC11C /* mrnchatbotTests */ = {
			isa = PBXNativeTarget;
			buildConfigurationList = A1DE5D3325C008AC007AC11C /* Build configuration list for PBXNativeTarget "mrnchatbotTests" */;
			buildPhases = (
				AD8FCB79E3D5048DCFC83C02 /* [CP] Check Pods Manifest.lock */,
				A1DE5D1825C008AC007AC11C /* Sources */,
				A1DE5D1925C008AC007AC11C /* Frameworks */,
				A1DE5D1A25C008AC007AC11C /* Resources */,
			);
			buildRules = (
			);
			dependencies = (
				A1DE5D1E25C008AC007AC11C /* PBXTargetDependency */,
			);
			name = mrnchatbotTests;
			productName = mrnchatbotTests;
			productReference = A1DE5D1C25C008AC007AC11C /* mrnchatbotTests.xctest */;
			productType = "com.apple.product-type.bundle.unit-test";
		};
		A1DE5D2625C008AC007AC11C /* mrnchatbotUITests */ = {
			isa = PBXNativeTarget;
			buildConfigurationList = A1DE5D3625C008AC007AC11C /* Build configuration list for PBXNativeTarget "mrnchatbotUITests" */;
			buildPhases = (
				142B439E6D17034836398F6B /* [CP] Check Pods Manifest.lock */,
				A1DE5D2325C008AC007AC11C /* Sources */,
				A1DE5D2425C008AC007AC11C /* Frameworks */,
				A1DE5D2525C008AC007AC11C /* Resources */,
				84D0E54E5A63EC5F0C269BE5 /* [CP] Embed Pods Frameworks */,
			);
			buildRules = (
			);
			dependencies = (
				A1DE5D2925C008AC007AC11C /* PBXTargetDependency */,
			);
			name = mrnchatbotUITests;
			productName = mrnchatbotUITests;
			productReference = A1DE5D2725C008AC007AC11C /* mrnchatbotUITests.xctest */;
			productType = "com.apple.product-type.bundle.ui-testing";
		};
/* End PBXNativeTarget section */

/* Begin PBXProject section */
		A1DE5CFE25C008A8007AC11C /* Project object */ = {
			isa = PBXProject;
			attributes = {
				LastSwiftUpdateCheck = 1230;
				LastUpgradeCheck = 1230;
				TargetAttributes = {
					A1DE5D0525C008A8007AC11C = {
						CreatedOnToolsVersion = 12.3;
					};
					A1DE5D1B25C008AC007AC11C = {
						CreatedOnToolsVersion = 12.3;
						TestTargetID = A1DE5D0525C008A8007AC11C;
					};
					A1DE5D2625C008AC007AC11C = {
						CreatedOnToolsVersion = 12.3;
						TestTargetID = A1DE5D0525C008A8007AC11C;
					};
				};
			};
			buildConfigurationList = A1DE5D0125C008A8007AC11C /* Build configuration list for PBXProject "mrnchatbot" */;
			compatibilityVersion = "Xcode 9.3";
			developmentRegion = en;
			hasScannedForEncodings = 0;
			knownRegions = (
				en,
				Base,
			);
			mainGroup = A1DE5CFD25C008A8007AC11C;
			productRefGroup = A1DE5D0725C008A8007AC11C /* Products */;
			projectDirPath = "";
			projectRoot = "";
			targets = (
				A1DE5D0525C008A8007AC11C /* mrnchatbot */,
				A1DE5D1B25C008AC007AC11C /* mrnchatbotTests */,
				A1DE5D2625C008AC007AC11C /* mrnchatbotUITests */,
			);
		};
/* End PBXProject section */

/* Begin PBXResourcesBuildPhase section */
		A1DE5D0425C008A8007AC11C /* Resources */ = {
			isa = PBXResourcesBuildPhase;
			buildActionMask = 2147483647;
			files = (
				A1DE5D1625C008AB007AC11C /* LaunchScreen.storyboard in Resources */,
				A1DE5D1325C008AB007AC11C /* Assets.xcassets in Resources */,
				A1DE5D1125C008A8007AC11C /* Main.storyboard in Resources */,
			);
			runOnlyForDeploymentPostprocessing = 0;
		};
		A1DE5D1A25C008AC007AC11C /* Resources */ = {
			isa = PBXResourcesBuildPhase;
			buildActionMask = 2147483647;
			files = (
			);
			runOnlyForDeploymentPostprocessing = 0;
		};
		A1DE5D2525C008AC007AC11C /* Resources */ = {
			isa = PBXResourcesBuildPhase;
			buildActionMask = 2147483647;
			files = (
			);
			runOnlyForDeploymentPostprocessing = 0;
		};
/* End PBXResourcesBuildPhase section */

/* Begin PBXShellScriptBuildPhase section */
		142B439E6D17034836398F6B /* [CP] Check Pods Manifest.lock */ = {
			isa = PBXShellScriptBuildPhase;
			buildActionMask = 2147483647;
			files = (
			);
			inputFileListPaths = (
			);
			inputPaths = (
				"${PODS_PODFILE_DIR_PATH}/Podfile.lock",
				"${PODS_ROOT}/Manifest.lock",
			);
			name = "[CP] Check Pods Manifest.lock";
			outputFileListPaths = (
			);
			outputPaths = (
				"$(DERIVED_FILE_DIR)/Pods-mrnchatbot-mrnchatbotUITests-checkManifestLockResult.txt",
			);
			runOnlyForDeploymentPostprocessing = 0;
			shellPath = /bin/sh;
			shellScript = "diff \"${PODS_PODFILE_DIR_PATH}/Podfile.lock\" \"${PODS_ROOT}/Manifest.lock\" > /dev/null\nif [ $? != 0 ] ; then\n    # print error to STDERR\n    echo \"error: The sandbox is not in sync with the Podfile.lock. Run 'pod install' or update your CocoaPods installation.\" >&2\n    exit 1\nfi\n# This output is used by Xcode 'outputs' to avoid re-running this script phase.\necho \"SUCCESS\" > \"${SCRIPT_OUTPUT_FILE_0}\"\n";
			showEnvVarsInLog = 0;
		};
		84D0E54E5A63EC5F0C269BE5 /* [CP] Embed Pods Frameworks */ = {
			isa = PBXShellScriptBuildPhase;
			buildActionMask = 2147483647;
			files = (
			);
			inputFileListPaths = (
				"${PODS_ROOT}/Target Support Files/Pods-mrnchatbot-mrnchatbotUITests/Pods-mrnchatbot-mrnchatbotUITests-frameworks-${CONFIGURATION}-input-files.xcfilelist",
			);
			name = "[CP] Embed Pods Frameworks";
			outputFileListPaths = (
				"${PODS_ROOT}/Target Support Files/Pods-mrnchatbot-mrnchatbotUITests/Pods-mrnchatbot-mrnchatbotUITests-frameworks-${CONFIGURATION}-output-files.xcfilelist",
			);
			runOnlyForDeploymentPostprocessing = 0;
			shellPath = /bin/sh;
			shellScript = "\"${PODS_ROOT}/Target Support Files/Pods-mrnchatbot-mrnchatbotUITests/Pods-mrnchatbot-mrnchatbotUITests-frameworks.sh\"\n";
			showEnvVarsInLog = 0;
		};
		AD8FCB79E3D5048DCFC83C02 /* [CP] Check Pods Manifest.lock */ = {
			isa = PBXShellScriptBuildPhase;
			buildActionMask = 2147483647;
			files = (
			);
			inputFileListPaths = (
			);
			inputPaths = (
				"${PODS_PODFILE_DIR_PATH}/Podfile.lock",
				"${PODS_ROOT}/Manifest.lock",
			);
			name = "[CP] Check Pods Manifest.lock";
			outputFileListPaths = (
			);
			outputPaths = (
				"$(DERIVED_FILE_DIR)/Pods-mrnchatbotTests-checkManifestLockResult.txt",
			);
			runOnlyForDeploymentPostprocessing = 0;
			shellPath = /bin/sh;
			shellScript = "diff \"${PODS_PODFILE_DIR_PATH}/Podfile.lock\" \"${PODS_ROOT}/Manifest.lock\" > /dev/null\nif [ $? != 0 ] ; then\n    # print error to STDERR\n    echo \"error: The sandbox is not in sync with the Podfile.lock. Run 'pod install' or update your CocoaPods installation.\" >&2\n    exit 1\nfi\n# This output is used by Xcode 'outputs' to avoid re-running this script phase.\necho \"SUCCESS\" > \"${SCRIPT_OUTPUT_FILE_0}\"\n";
			showEnvVarsInLog = 0;
		};
		BBBF888B23A5937BD75A6881 /* [CP] Check Pods Manifest.lock */ = {
			isa = PBXShellScriptBuildPhase;
			buildActionMask = 2147483647;
			files = (
			);
			inputFileListPaths = (
			);
			inputPaths = (
				"${PODS_PODFILE_DIR_PATH}/Podfile.lock",
				"${PODS_ROOT}/Manifest.lock",
			);
			name = "[CP] Check Pods Manifest.lock";
			outputFileListPaths = (
			);
			outputPaths = (
				"$(DERIVED_FILE_DIR)/Pods-mrnchatbot-checkManifestLockResult.txt",
			);
			runOnlyForDeploymentPostprocessing = 0;
			shellPath = /bin/sh;
			shellScript = "diff \"${PODS_PODFILE_DIR_PATH}/Podfile.lock\" \"${PODS_ROOT}/Manifest.lock\" > /dev/null\nif [ $? != 0 ] ; then\n    # print error to STDERR\n    echo \"error: The sandbox is not in sync with the Podfile.lock. Run 'pod install' or update your CocoaPods installation.\" >&2\n    exit 1\nfi\n# This output is used by Xcode 'outputs' to avoid re-running this script phase.\necho \"SUCCESS\" > \"${SCRIPT_OUTPUT_FILE_0}\"\n";
			showEnvVarsInLog = 0;
		};
		ECBA34D2F1C918F4FA1D9692 /* [CP] Embed Pods Frameworks */ = {
			isa = PBXShellScriptBuildPhase;
			buildActionMask = 2147483647;
			files = (
			);
			inputFileListPaths = (
				"${PODS_ROOT}/Target Support Files/Pods-mrnchatbot/Pods-mrnchatbot-frameworks-${CONFIGURATION}-input-files.xcfilelist",
			);
			name = "[CP] Embed Pods Frameworks";
			outputFileListPaths = (
				"${PODS_ROOT}/Target Support Files/Pods-mrnchatbot/Pods-mrnchatbot-frameworks-${CONFIGURATION}-output-files.xcfilelist",
			);
			runOnlyForDeploymentPostprocessing = 0;
			shellPath = /bin/sh;
			shellScript = "\"${PODS_ROOT}/Target Support Files/Pods-mrnchatbot/Pods-mrnchatbot-frameworks.sh\"\n";
			showEnvVarsInLog = 0;
		};
/* End PBXShellScriptBuildPhase section */

/* Begin PBXSourcesBuildPhase section */
		A1DE5D0225C008A8007AC11C /* Sources */ = {
			isa = PBXSourcesBuildPhase;
			buildActionMask = 2147483647;
			files = (
				A1DE5D9A25C01E58007AC11C /* NewConversationsViewController.swift in Sources */,
				A1DE5D8B25C01E25007AC11C /* ProfileViewController.swift in Sources */,
				A1DE5D7E25C01E0C007AC11C /* LoginViewController.swift in Sources */,
				A1DE5D8625C01E19007AC11C /* RegisterViewController.swift in Sources */,
				A1DE5D9025C01E36007AC11C /* PhotoViewerViewController.swift in Sources */,
				A1DE5D0E25C008A8007AC11C /* ConversationsViewController.swift in Sources */,
				A1DE5D9525C01E48007AC11C /* VideoPlayerViewController.swift in Sources */,
				A1DE5D0A25C008A8007AC11C /* AppDelegate.swift in Sources */,
				A1DE5D0C25C008A8007AC11C /* SceneDelegate.swift in Sources */,
			);
			runOnlyForDeploymentPostprocessing = 0;
		};
		A1DE5D1825C008AC007AC11C /* Sources */ = {
			isa = PBXSourcesBuildPhase;
			buildActionMask = 2147483647;
			files = (
				A1DE5D2125C008AC007AC11C /* mrnchatbotTests.swift in Sources */,
			);
			runOnlyForDeploymentPostprocessing = 0;
		};
		A1DE5D2325C008AC007AC11C /* Sources */ = {
			isa = PBXSourcesBuildPhase;
			buildActionMask = 2147483647;
			files = (
				A1DE5D2C25C008AC007AC11C /* mrnchatbotUITests.swift in Sources */,
			);
			runOnlyForDeploymentPostprocessing = 0;
		};
/* End PBXSourcesBuildPhase section */

/* Begin PBXTargetDependency section */
		A1DE5D1E25C008AC007AC11C /* PBXTargetDependency */ = {
			isa = PBXTargetDependency;
			target = A1DE5D0525C008A8007AC11C /* mrnchatbot */;
			targetProxy = A1DE5D1D25C008AC007AC11C /* PBXContainerItemProxy */;
		};
		A1DE5D2925C008AC007AC11C /* PBXTargetDependency */ = {
			isa = PBXTargetDependency;
			target = A1DE5D0525C008A8007AC11C /* mrnchatbot */;
			targetProxy = A1DE5D2825C008AC007AC11C /* PBXContainerItemProxy */;
		};
/* End PBXTargetDependency section */

/* Begin PBXVariantGroup section */
		A1DE5D0F25C008A8007AC11C /* Main.storyboard */ = {
			isa = PBXVariantGroup;
			children = (
				A1DE5D1025C008A8007AC11C /* Base */,
			);
			name = Main.storyboard;
			sourceTree = "<group>";
		};
		A1DE5D1425C008AB007AC11C /* LaunchScreen.storyboard */ = {
			isa = PBXVariantGroup;
			children = (
				A1DE5D1525C008AB007AC11C /* Base */,
			);
			name = LaunchScreen.storyboard;
			sourceTree = "<group>";
		};
/* End PBXVariantGroup section */

/* Begin XCBuildConfiguration section */
		A1DE5D2E25C008AC007AC11C /* Debug */ = {
			isa = XCBuildConfiguration;
			buildSettings = {
				ALWAYS_SEARCH_USER_PATHS = NO;
				CLANG_ANALYZER_NONNULL = YES;
				CLANG_ANALYZER_NUMBER_OBJECT_CONVERSION = YES_AGGRESSIVE;
				CLANG_CXX_LANGUAGE_STANDARD = "gnu++14";
				CLANG_CXX_LIBRARY = "libc++";
				CLANG_ENABLE_MODULES = YES;
				CLANG_ENABLE_OBJC_ARC = YES;
				CLANG_ENABLE_OBJC_WEAK = YES;
				CLANG_WARN_BLOCK_CAPTURE_AUTORELEASING = YES;
				CLANG_WARN_BOOL_CONVERSION = YES;
				CLANG_WARN_COMMA = YES;
				CLANG_WARN_CONSTANT_CONVERSION = YES;
				CLANG_WARN_DEPRECATED_OBJC_IMPLEMENTATIONS = YES;
				CLANG_WARN_DIRECT_OBJC_ISA_USAGE = YES_ERROR;
				CLANG_WARN_DOCUMENTATION_COMMENTS = YES;
				CLANG_WARN_EMPTY_BODY = YES;
				CLANG_WARN_ENUM_CONVERSION = YES;
				CLANG_WARN_INFINITE_RECURSION = YES;
				CLANG_WARN_INT_CONVERSION = YES;
				CLANG_WARN_NON_LITERAL_NULL_CONVERSION = YES;
				CLANG_WARN_OBJC_IMPLICIT_RETAIN_SELF = YES;
				CLANG_WARN_OBJC_LITERAL_CONVERSION = YES;
				CLANG_WARN_OBJC_ROOT_CLASS = YES_ERROR;
				CLANG_WARN_QUOTED_INCLUDE_IN_FRAMEWORK_HEADER = YES;
				CLANG_WARN_RANGE_LOOP_ANALYSIS = YES;
				CLANG_WARN_STRICT_PROTOTYPES = YES;
				CLANG_WARN_SUSPICIOUS_MOVE = YES;
				CLANG_WARN_UNGUARDED_AVAILABILITY = YES_AGGRESSIVE;
				CLANG_WARN_UNREACHABLE_CODE = YES;
				CLANG_WARN__DUPLICATE_METHOD_MATCH = YES;
				COPY_PHASE_STRIP = NO;
				DEBUG_INFORMATION_FORMAT = dwarf;
				ENABLE_STRICT_OBJC_MSGSEND = YES;
				ENABLE_TESTABILITY = YES;
				GCC_C_LANGUAGE_STANDARD = gnu11;
				GCC_DYNAMIC_NO_PIC = NO;
				GCC_NO_COMMON_BLOCKS = YES;
				GCC_OPTIMIZATION_LEVEL = 0;
				GCC_PREPROCESSOR_DEFINITIONS = (
					"DEBUG=1",
					"$(inherited)",
				);
				GCC_WARN_64_TO_32_BIT_CONVERSION = YES;
				GCC_WARN_ABOUT_RETURN_TYPE = YES_ERROR;
				GCC_WARN_UNDECLARED_SELECTOR = YES;
				GCC_WARN_UNINITIALIZED_AUTOS = YES_AGGRESSIVE;
				GCC_WARN_UNUSED_FUNCTION = YES;
				GCC_WARN_UNUSED_VARIABLE = YES;
				IPHONEOS_DEPLOYMENT_TARGET = 14.3;
				MTL_ENABLE_DEBUG_INFO = INCLUDE_SOURCE;
				MTL_FAST_MATH = YES;
				ONLY_ACTIVE_ARCH = YES;
				SDKROOT = iphoneos;
				SWIFT_ACTIVE_COMPILATION_CONDITIONS = DEBUG;
				SWIFT_OPTIMIZATION_LEVEL = "-Onone";
			};
			name = Debug;
		};
		A1DE5D2F25C008AC007AC11C /* Release */ = {
			isa = XCBuildConfiguration;
			buildSettings = {
				ALWAYS_SEARCH_USER_PATHS = NO;
				CLANG_ANALYZER_NONNULL = YES;
				CLANG_ANALYZER_NUMBER_OBJECT_CONVERSION = YES_AGGRESSIVE;
				CLANG_CXX_LANGUAGE_STANDARD = "gnu++14";
				CLANG_CXX_LIBRARY = "libc++";
				CLANG_ENABLE_MODULES = YES;
				CLANG_ENABLE_OBJC_ARC = YES;
				CLANG_ENABLE_OBJC_WEAK = YES;
				CLANG_WARN_BLOCK_CAPTURE_AUTORELEASING = YES;
				CLANG_WARN_BOOL_CONVERSION = YES;
				CLANG_WARN_COMMA = YES;
				CLANG_WARN_CONSTANT_CONVERSION = YES;
				CLANG_WARN_DEPRECATED_OBJC_IMPLEMENTATIONS = YES;
				CLANG_WARN_DIRECT_OBJC_ISA_USAGE = YES_ERROR;
				CLANG_WARN_DOCUMENTATION_COMMENTS = YES;
				CLANG_WARN_EMPTY_BODY = YES;
				CLANG_WARN_ENUM_CONVERSION = YES;
				CLANG_WARN_INFINITE_RECURSION = YES;
				CLANG_WARN_INT_CONVERSION = YES;
				CLANG_WARN_NON_LITERAL_NULL_CONVERSION = YES;
				CLANG_WARN_OBJC_IMPLICIT_RETAIN_SELF = YES;
				CLANG_WARN_OBJC_LITERAL_CONVERSION = YES;
				CLANG_WARN_OBJC_ROOT_CLASS = YES_ERROR;
				CLANG_WARN_QUOTED_INCLUDE_IN_FRAMEWORK_HEADER = YES;
				CLANG_WARN_RANGE_LOOP_ANALYSIS = YES;
				CLANG_WARN_STRICT_PROTOTYPES = YES;
				CLANG_WARN_SUSPICIOUS_MOVE = YES;
				CLANG_WARN_UNGUARDED_AVAILABILITY = YES_AGGRESSIVE;
				CLANG_WARN_UNREACHABLE_CODE = YES;
				CLANG_WARN__DUPLICATE_METHOD_MATCH = YES;
				COPY_PHASE_STRIP = NO;
				DEBUG_INFORMATION_FORMAT = "dwarf-with-dsym";
				ENABLE_NS_ASSERTIONS = NO;
				ENABLE_STRICT_OBJC_MSGSEND = YES;
				GCC_C_LANGUAGE_STANDARD = gnu11;
				GCC_NO_COMMON_BLOCKS = YES;
				GCC_WARN_64_TO_32_BIT_CONVERSION = YES;
				GCC_WARN_ABOUT_RETURN_TYPE = YES_ERROR;
				GCC_WARN_UNDECLARED_SELECTOR = YES;
				GCC_WARN_UNINITIALIZED_AUTOS = YES_AGGRESSIVE;
				GCC_WARN_UNUSED_FUNCTION = YES;
				GCC_WARN_UNUSED_VARIABLE = YES;
				IPHONEOS_DEPLOYMENT_TARGET = 14.3;
				MTL_ENABLE_DEBUG_INFO = NO;
				MTL_FAST_MATH = YES;
				SDKROOT = iphoneos;
				SWIFT_COMPILATION_MODE = wholemodule;
				SWIFT_OPTIMIZATION_LEVEL = "-O";
				VALIDATE_PRODUCT = YES;
			};
			name = Release;
		};
		A1DE5D3125C008AC007AC11C /* Debug */ = {
			isa = XCBuildConfiguration;
			baseConfigurationReference = 74568A4DE1D9BC51AC764D76 /* Pods-mrnchatbot.debug.xcconfig */;
			buildSettings = {
				ASSETCATALOG_COMPILER_APPICON_NAME = AppIcon;
				ASSETCATALOG_COMPILER_GLOBAL_ACCENT_COLOR_NAME = AccentColor;
				CODE_SIGN_STYLE = Automatic;
				INFOPLIST_FILE = mrnchatbot/Info.plist;
				IPHONEOS_DEPLOYMENT_TARGET = 13.0;
				LD_RUNPATH_SEARCH_PATHS = (
					"$(inherited)",
					"@executable_path/Frameworks",
				);
				PRODUCT_BUNDLE_IDENTIFIER = com.omgprogramming.mrnchatbot;
				PRODUCT_NAME = "$(TARGET_NAME)";
				SWIFT_VERSION = 5.0;
				TARGETED_DEVICE_FAMILY = "1,2";
			};
			name = Debug;
		};
		A1DE5D3225C008AC007AC11C /* Release */ = {
			isa = XCBuildConfiguration;
			baseConfigurationReference = C017B6C0F0C8A1398E10747A /* Pods-mrnchatbot.release.xcconfig */;
			buildSettings = {
				ASSETCATALOG_COMPILER_APPICON_NAME = AppIcon;
				ASSETCATALOG_COMPILER_GLOBAL_ACCENT_COLOR_NAME = AccentColor;
				CODE_SIGN_STYLE = Automatic;
				INFOPLIST_FILE = mrnchatbot/Info.plist;
				IPHONEOS_DEPLOYMENT_TARGET = 13.0;
				LD_RUNPATH_SEARCH_PATHS = (
					"$(inherited)",
					"@executable_path/Frameworks",
				);
				PRODUCT_BUNDLE_IDENTIFIER = com.omgprogramming.mrnchatbot;
				PRODUCT_NAME = "$(TARGET_NAME)";
				SWIFT_VERSION = 5.0;
				TARGETED_DEVICE_FAMILY = "1,2";
			};
			name = Release;
		};
		A1DE5D3425C008AC007AC11C /* Debug */ = {
			isa = XCBuildConfiguration;
			baseConfigurationReference = E58ECF02E3D26D0873FCE43D /* Pods-mrnchatbotTests.debug.xcconfig */;
			buildSettings = {
				ALWAYS_EMBED_SWIFT_STANDARD_LIBRARIES = YES;
				BUNDLE_LOADER = "$(TEST_HOST)";
				CODE_SIGN_STYLE = Automatic;
				INFOPLIST_FILE = mrnchatbotTests/Info.plist;
				IPHONEOS_DEPLOYMENT_TARGET = 14.3;
				LD_RUNPATH_SEARCH_PATHS = (
					"$(inherited)",
					"@executable_path/Frameworks",
					"@loader_path/Frameworks",
				);
				PRODUCT_BUNDLE_IDENTIFIER = com.omgprogramming.mrnchatbotTests;
				PRODUCT_NAME = "$(TARGET_NAME)";
				SWIFT_VERSION = 5.0;
				TARGETED_DEVICE_FAMILY = "1,2";
				TEST_HOST = "$(BUILT_PRODUCTS_DIR)/mrnchatbot.app/mrnchatbot";
			};
			name = Debug;
		};
		A1DE5D3525C008AC007AC11C /* Release */ = {
			isa = XCBuildConfiguration;
			baseConfigurationReference = CBCA2E6914C8B3FB6DCF6BF7 /* Pods-mrnchatbotTests.release.xcconfig */;
			buildSettings = {
				ALWAYS_EMBED_SWIFT_STANDARD_LIBRARIES = YES;
				BUNDLE_LOADER = "$(TEST_HOST)";
				CODE_SIGN_STYLE = Automatic;
				INFOPLIST_FILE = mrnchatbotTests/Info.plist;
				IPHONEOS_DEPLOYMENT_TARGET = 14.3;
				LD_RUNPATH_SEARCH_PATHS = (
					"$(inherited)",
					"@executable_path/Frameworks",
					"@loader_path/Frameworks",
				);
				PRODUCT_BUNDLE_IDENTIFIER = com.omgprogramming.mrnchatbotTests;
				PRODUCT_NAME = "$(TARGET_NAME)";
				SWIFT_VERSION = 5.0;
				TARGETED_DEVICE_FAMILY = "1,2";
				TEST_HOST = "$(BUILT_PRODUCTS_DIR)/mrnchatbot.app/mrnchatbot";
			};
			name = Release;
		};
		A1DE5D3725C008AC007AC11C /* Debug */ = {
			isa = XCBuildConfiguration;
			baseConfigurationReference = 6401E13DAE04D399187C0381 /* Pods-mrnchatbot-mrnchatbotUITests.debug.xcconfig */;
			buildSettings = {
				ALWAYS_EMBED_SWIFT_STANDARD_LIBRARIES = YES;
				CODE_SIGN_STYLE = Automatic;
				INFOPLIST_FILE = mrnchatbotUITests/Info.plist;
				LD_RUNPATH_SEARCH_PATHS = (
					"$(inherited)",
					"@executable_path/Frameworks",
					"@loader_path/Frameworks",
				);
				PRODUCT_BUNDLE_IDENTIFIER = com.omgprogramming.mrnchatbotUITests;
				PRODUCT_NAME = "$(TARGET_NAME)";
				SWIFT_VERSION = 5.0;
				TARGETED_DEVICE_FAMILY = "1,2";
				TEST_TARGET_NAME = mrnchatbot;
			};
			name = Debug;
		};
		A1DE5D3825C008AC007AC11C /* Release */ = {
			isa = XCBuildConfiguration;
			baseConfigurationReference = 612B382EBAF7C383ED1D429A /* Pods-mrnchatbot-mrnchatbotUITests.release.xcconfig */;
			buildSettings = {
				ALWAYS_EMBED_SWIFT_STANDARD_LIBRARIES = YES;
				CODE_SIGN_STYLE = Automatic;
				INFOPLIST_FILE = mrnchatbotUITests/Info.plist;
				LD_RUNPATH_SEARCH_PATHS = (
					"$(inherited)",
					"@executable_path/Frameworks",
					"@loader_path/Frameworks",
				);
				PRODUCT_BUNDLE_IDENTIFIER = com.omgprogramming.mrnchatbotUITests;
				PRODUCT_NAME = "$(TARGET_NAME)";
				SWIFT_VERSION = 5.0;
				TARGETED_DEVICE_FAMILY = "1,2";
				TEST_TARGET_NAME = mrnchatbot;
			};
			name = Release;
		};
/* End XCBuildConfiguration section */

/* Begin XCConfigurationList section */
		A1DE5D0125C008A8007AC11C /* Build configuration list for PBXProject "mrnchatbot" */ = {
			isa = XCConfigurationList;
			buildConfigurations = (
				A1DE5D2E25C008AC007AC11C /* Debug */,
				A1DE5D2F25C008AC007AC11C /* Release */,
			);
			defaultConfigurationIsVisible = 0;
			defaultConfigurationName = Release;
		};
		A1DE5D3025C008AC007AC11C /* Build configuration list for PBXNativeTarget "mrnchatbot" */ = {
			isa = XCConfigurationList;
			buildConfigurations = (
				A1DE5D3125C008AC007AC11C /* Debug */,
				A1DE5D3225C008AC007AC11C /* Release */,
			);
			defaultConfigurationIsVisible = 0;
			defaultConfigurationName = Release;
		};
		A1DE5D3325C008AC007AC11C /* Build configuration list for PBXNativeTarget "mrnchatbotTests" */ = {
			isa = XCConfigurationList;
			buildConfigurations = (
				A1DE5D3425C008AC007AC11C /* Debug */,
				A1DE5D3525C008AC007AC11C /* Release */,
			);
			defaultConfigurationIsVisible = 0;
			defaultConfigurationName = Release;
		};
		A1DE5D3625C008AC007AC11C /* Build configuration list for PBXNativeTarget "mrnchatbotUITests" */ = {
			isa = XCConfigurationList;
			buildConfigurations = (
				A1DE5D3725C008AC007AC11C /* Debug */,
				A1DE5D3825C008AC007AC11C /* Release */,
			);
			defaultConfigurationIsVisible = 0;
			defaultConfigurationName = Release;
		};
/* End XCConfigurationList section */
	};
	rootObject = A1DE5CFE25C008A8007AC11C /* Project object */;
}
